
Microsoft Visual Studio Solution File, Format Version 12.00
# Visual Studio Version 17
VisualStudioVersion = 17.8.34330.188
MinimumVisualStudioVersion = 10.0.40219.1
Project("{8BC9CEB8-8B4A-11D0-8D11-00A0C91BC942}") = "LibraryConsoleApp", "LibraryConsoleApp\LibraryConsoleApp.vcxproj", "{FAD43E5E-E407-4CCC-8B7C-20E1B58C2F25}"
EndProject
Project("{2150E333-8FDC-42A3-9474-1A3956D46DE8}") = "Çözüm Öğeleri", "Çözüm Öğeleri", "{17E4F73B-3580-4A45-B28C-114AD4BC1AE7}"
	ProjectSection(SolutionItems) = preProject
		LibraryConsoleApp\datas\01_adminusers_usernames = LibraryConsoleApp\datas\01_adminusers_usernames
		LibraryConsoleApp\datas\02_adminusers_passwords = LibraryConsoleApp\datas\02_adminusers_passwords
		LibraryConsoleApp\datas\03_users_usernames = LibraryConsoleApp\datas\03_users_usernames
		LibraryConsoleApp\datas\04_users_passwords = LibraryConsoleApp\datas\04_users_passwords
		LibraryConsoleApp\datas\05_books = LibraryConsoleApp\datas\05_books
		LibraryConsoleApp\datas\06_not_avaible_books = LibraryConsoleApp\datas\06_not_avaible_books
		LibraryConsoleApp\datas\07_book_users = LibraryConsoleApp\datas\07_book_users
		README.md = README.md
	EndProjectSection
EndProject
Global
	GlobalSection(SolutionConfigurationPlatforms) = preSolution
		Debug|x64 = Debug|x64
		Debug|x86 = Debug|x86
		Release|x64 = Release|x64
		Release|x86 = Release|x86
	EndGlobalSection
	GlobalSection(ProjectConfigurationPlatforms) = postSolution
		{FAD43E5E-E407-4CCC-8B7C-20E1B58C2F25}.Debug|x64.ActiveCfg = Debug|x64
		{FAD43E5E-E407-4CCC-8B7C-20E1B58C2F25}.Debug|x64.Build.0 = Debug|x64
		{FAD43E5E-E407-4CCC-8B7C-20E1B58C2F25}.Debug|x86.ActiveCfg = Debug|Win32
		{FAD43E5E-E407-4CCC-8B7C-20E1B58C2F25}.Debug|x86.Build.0 = Debug|Win32
		{FAD43E5E-E407-4CCC-8B7C-20E1B58C2F25}.Release|x64.ActiveCfg = Release|x64
		{FAD43E5E-E407-4CCC-8B7C-20E1B58C2F25}.Release|x64.Build.0 = Release|x64
		{FAD43E5E-E407-4CCC-8B7C-20E1B58C2F25}.Release|x86.ActiveCfg = Release|Win32
		{FAD43E5E-E407-4CCC-8B7C-20E1B58C2F25}.Release|x86.Build.0 = Release|Win32
	EndGlobalSection
	GlobalSection(SolutionProperties) = preSolution
		HideSolutionNode = FALSE
	EndGlobalSection
	GlobalSection(ExtensibilityGlobals) = postSolution
		SolutionGuid = {AA3BBF1B-FBFD-4809-B35A-2C45B13621B0}
	EndGlobalSection
EndGlobal
